
Microsoft Visual Studio Solution File, Format Version 12.00
# Visual Studio 15
VisualStudioVersion = 15.0.27130.2027
MinimumVisualStudioVersion = 10.0.40219.1
Project("{FAE04EC0-301F-11D3-BF4B-00C04F79EFBC}") = "AttackSecuritySimulator_Views", "AttackSecuritySimulator\AttackSecuritySimulator_Views.csproj", "{F135432F-B138-4CF4-B06B-4F4CE2ADF9F4}"
EndProject
Project("{FAE04EC0-301F-11D3-BF4B-00C04F79EFBC}") = "AttackSecuritySimulator_ViewModels", "AttackSecuritySimulator_ViewModels\AttackSecuritySimulator_ViewModels.csproj", "{6A793ECB-A92C-4CFB-8624-35E871CC8A6C}"
EndProject
Project("{FAE04EC0-301F-11D3-BF4B-00C04F79EFBC}") = "AttackSecuritySimulator_Models", "AttackSecuritySimulator_Models\AttackSecuritySimulator_Models.csproj", "{C4FF68F1-CCA0-4F41-AB3E-897AE864F065}"
EndProject
Project("{FAE04EC0-301F-11D3-BF4B-00C04F79EFBC}") = "ServerClass", "..\ServerClass\ServerClass.csproj", "{73AC0A57-A93A-486E-8B3F-910935E430E9}"
EndProject
Project("{FAE04EC0-301F-11D3-BF4B-00C04F79EFBC}") = "ClientApp", "..\ClientApp\ClientApp.csproj", "{EADDBBA5-17B3-41F7-86D4-3B05079E2029}"
EndProject
Global
	GlobalSection(SolutionConfigurationPlatforms) = preSolution
		Debug|Any CPU = Debug|Any CPU
		Release|Any CPU = Release|Any CPU
	EndGlobalSection
	GlobalSection(ProjectConfigurationPlatforms) = postSolution
		{F135432F-B138-4CF4-B06B-4F4CE2ADF9F4}.Debug|Any CPU.ActiveCfg = Debug|Any CPU
		{F135432F-B138-4CF4-B06B-4F4CE2ADF9F4}.Debug|Any CPU.Build.0 = Debug|Any CPU
		{F135432F-B138-4CF4-B06B-4F4CE2ADF9F4}.Release|Any CPU.ActiveCfg = Release|Any CPU
		{F135432F-B138-4CF4-B06B-4F4CE2ADF9F4}.Release|Any CPU.Build.0 = Release|Any CPU
		{6A793ECB-A92C-4CFB-8624-35E871CC8A6C}.Debug|Any CPU.ActiveCfg = Debug|Any CPU
		{6A793ECB-A92C-4CFB-8624-35E871CC8A6C}.Debug|Any CPU.Build.0 = Debug|Any CPU
		{6A793ECB-A92C-4CFB-8624-35E871CC8A6C}.Release|Any CPU.ActiveCfg = Release|Any CPU
		{6A793ECB-A92C-4CFB-8624-35E871CC8A6C}.Release|Any CPU.Build.0 = Release|Any CPU
		{C4FF68F1-CCA0-4F41-AB3E-897AE864F065}.Debug|Any CPU.ActiveCfg = Debug|Any CPU
		{C4FF68F1-CCA0-4F41-AB3E-897AE864F065}.Debug|Any CPU.Build.0 = Debug|Any CPU
		{C4FF68F1-CCA0-4F41-AB3E-897AE864F065}.Release|Any CPU.ActiveCfg = Release|Any CPU
		{C4FF68F1-CCA0-4F41-AB3E-897AE864F065}.Release|Any CPU.Build.0 = Release|Any CPU
		{73AC0A57-A93A-486E-8B3F-910935E430E9}.Debug|Any CPU.ActiveCfg = Debug|Any CPU
		{73AC0A57-A93A-486E-8B3F-910935E430E9}.Debug|Any CPU.Build.0 = Debug|Any CPU
		{73AC0A57-A93A-486E-8B3F-910935E430E9}.Release|Any CPU.ActiveCfg = Release|Any CPU
		{73AC0A57-A93A-486E-8B3F-910935E430E9}.Release|Any CPU.Build.0 = Release|Any CPU
		{EADDBBA5-17B3-41F7-86D4-3B05079E2029}.Debug|Any CPU.ActiveCfg = Debug|Any CPU
		{EADDBBA5-17B3-41F7-86D4-3B05079E2029}.Debug|Any CPU.Build.0 = Debug|Any CPU
		{EADDBBA5-17B3-41F7-86D4-3B05079E2029}.Release|Any CPU.ActiveCfg = Release|Any CPU
		{EADDBBA5-17B3-41F7-86D4-3B05079E2029}.Release|Any CPU.Build.0 = Release|Any CPU
	EndGlobalSection
	GlobalSection(SolutionProperties) = preSolution
		HideSolutionNode = FALSE
	EndGlobalSection
	GlobalSection(ExtensibilityGlobals) = postSolution
		SolutionGuid = {FF2A8B9F-FFA6-43C7-B969-ADF6D704E6D3}
	EndGlobalSection
EndGlobal
